// !$*UTF8*$!
{
	archiveVersion = 1;
	classes = {
	};
	objectVersion = 46;
	objects = {

/* Begin PBXBuildFile section */
		B604E70C1BEBB2F900CF1A22 /* TOActionSheet.m in Sources */ = {isa = PBXBuildFile; fileRef = B604E70B1BEBB2F900CF1A22 /* TOActionSheet.m */; };
		B60DD4BD1BEBCB6400D8EAA2 /* MessageManager.swift in Sources */ = {isa = PBXBuildFile; fileRef = B60DD4BC1BEBCB6400D8EAA2 /* MessageManager.swift */; };
		B61313E81BD7E7FE00A6D6B1 /* AddCustomerController.swift in Sources */ = {isa = PBXBuildFile; fileRef = B61313E71BD7E7FE00A6D6B1 /* AddCustomerController.swift */; };
		B636B43A1BF4964D00B6CE8F /* Podfile in Resources */ = {isa = PBXBuildFile; fileRef = B636B4391BF4964D00B6CE8F /* Podfile */; };
		B63A3B9D1BD36DDE00E07225 /* ResetPasswordController.swift in Sources */ = {isa = PBXBuildFile; fileRef = B63A3B9C1BD36DDE00E07225 /* ResetPasswordController.swift */; };
		B67710231BE7B7BB00FD4CA4 /* AddEstimateController.swift in Sources */ = {isa = PBXBuildFile; fileRef = B67710221BE7B7BB00FD4CA4 /* AddEstimateController.swift */; };
		B67710251BE7C22700FD4CA4 /* MapManager.swift in Sources */ = {isa = PBXBuildFile; fileRef = B67710241BE7C22700FD4CA4 /* MapManager.swift */; };
		B67710271BE7C27300FD4CA4 /* MapController.swift in Sources */ = {isa = PBXBuildFile; fileRef = B67710261BE7C27300FD4CA4 /* MapController.swift */; };
		B67D21B31BF0A33700D37164 /* CameraManager.swift in Sources */ = {isa = PBXBuildFile; fileRef = B67D21B21BF0A33700D37164 /* CameraManager.swift */; };
		B689C51D1BE20DCF0089DE0A /* EstimatesModel.swift in Sources */ = {isa = PBXBuildFile; fileRef = B689C51C1BE20DCF0089DE0A /* EstimatesModel.swift */; };
		B6D580541BD0E15600CD61BA /* RegisterController.swift in Sources */ = {isa = PBXBuildFile; fileRef = B6D580531BD0E15600CD61BA /* RegisterController.swift */; };
		B6DB804E1BD54393001A6A4D /* CloudSync.swift in Sources */ = {isa = PBXBuildFile; fileRef = B6DB804D1BD54393001A6A4D /* CloudSync.swift */; };
		B6DB80501BD543A7001A6A4D /* Reachability.swift in Sources */ = {isa = PBXBuildFile; fileRef = B6DB804F1BD543A7001A6A4D /* Reachability.swift */; };
		B6DB80551BD543C8001A6A4D /* Functions.swift in Sources */ = {isa = PBXBuildFile; fileRef = B6DB80511BD543C8001A6A4D /* Functions.swift */; };
		B6DB80561BD543C8001A6A4D /* HudView.swift in Sources */ = {isa = PBXBuildFile; fileRef = B6DB80521BD543C8001A6A4D /* HudView.swift */; };
		B6DB80581BD543C8001A6A4D /* Pin.swift in Sources */ = {isa = PBXBuildFile; fileRef = B6DB80541BD543C8001A6A4D /* Pin.swift */; };
		B6DC0BAC1BDA8E6300F2C3C1 /* EstimatesViewController.swift in Sources */ = {isa = PBXBuildFile; fileRef = B6DC0BAB1BDA8E6300F2C3C1 /* EstimatesViewController.swift */; };
		B6E73A981BD0C884000EC7FE /* LoginController.swift in Sources */ = {isa = PBXBuildFile; fileRef = B6E73A971BD0C884000EC7FE /* LoginController.swift */; };
		B6F005411BCF73A600D3EA46 /* AppDelegate.swift in Sources */ = {isa = PBXBuildFile; fileRef = B6F005401BCF73A600D3EA46 /* AppDelegate.swift */; };
		B6F005461BCF73A600D3EA46 /* Main.storyboard in Resources */ = {isa = PBXBuildFile; fileRef = B6F005441BCF73A600D3EA46 /* Main.storyboard */; };
		B6F005481BCF73A600D3EA46 /* Assets.xcassets in Resources */ = {isa = PBXBuildFile; fileRef = B6F005471BCF73A600D3EA46 /* Assets.xcassets */; };
		B6F0054B1BCF73A600D3EA46 /* LaunchScreen.storyboard in Resources */ = {isa = PBXBuildFile; fileRef = B6F005491BCF73A600D3EA46 /* LaunchScreen.storyboard */; };
		B6F005561BCF73A600D3EA46 /* To_PainterTests.swift in Sources */ = {isa = PBXBuildFile; fileRef = B6F005551BCF73A600D3EA46 /* To_PainterTests.swift */; };
		B6F005611BCF73A600D3EA46 /* To_PainterUITests.swift in Sources */ = {isa = PBXBuildFile; fileRef = B6F005601BCF73A600D3EA46 /* To_PainterUITests.swift */; };
		B6F0056F1BCF73DA00D3EA46 /* Parse.framework in Frameworks */ = {isa = PBXBuildFile; fileRef = B6F0056E1BCF73DA00D3EA46 /* Parse.framework */; };
		B6F005711BCF73E500D3EA46 /* ParseUI.framework in Frameworks */ = {isa = PBXBuildFile; fileRef = B6F005701BCF73E500D3EA46 /* ParseUI.framework */; };
		B6F005731BCF73F300D3EA46 /* Bolts.framework in Frameworks */ = {isa = PBXBuildFile; fileRef = B6F005721BCF73F300D3EA46 /* Bolts.framework */; };
		B6F005761BCF741900D3EA46 /* AudioToolbox.framework in Frameworks */ = {isa = PBXBuildFile; fileRef = B6F005751BCF741900D3EA46 /* AudioToolbox.framework */; };
		B6F005781BCF741F00D3EA46 /* CFNetwork.framework in Frameworks */ = {isa = PBXBuildFile; fileRef = B6F005771BCF741F00D3EA46 /* CFNetwork.framework */; };
		B6F0057A1BCF742500D3EA46 /* CoreGraphics.framework in Frameworks */ = {isa = PBXBuildFile; fileRef = B6F005791BCF742500D3EA46 /* CoreGraphics.framework */; };
		B6F0057C1BCF742B00D3EA46 /* CoreLocation.framework in Frameworks */ = {isa = PBXBuildFile; fileRef = B6F0057B1BCF742B00D3EA46 /* CoreLocation.framework */; };
		B6F0057E1BCF743200D3EA46 /* QuartzCore.framework in Frameworks */ = {isa = PBXBuildFile; fileRef = B6F0057D1BCF743200D3EA46 /* QuartzCore.framework */; };
		B6F005801BCF743800D3EA46 /* Security.framework in Frameworks */ = {isa = PBXBuildFile; fileRef = B6F0057F1BCF743800D3EA46 /* Security.framework */; };
		B6F005821BCF743F00D3EA46 /* StoreKit.framework in Frameworks */ = {isa = PBXBuildFile; fileRef = B6F005811BCF743F00D3EA46 /* StoreKit.framework */; };
		B6F005841BCF744800D3EA46 /* SystemConfiguration.framework in Frameworks */ = {isa = PBXBuildFile; fileRef = B6F005831BCF744800D3EA46 /* SystemConfiguration.framework */; };
		B6F005861BCF747E00D3EA46 /* libz.tbd in Frameworks */ = {isa = PBXBuildFile; fileRef = B6F005851BCF747E00D3EA46 /* libz.tbd */; };
		B6F005881BCF748900D3EA46 /* libsqlite3.tbd in Frameworks */ = {isa = PBXBuildFile; fileRef = B6F005871BCF748900D3EA46 /* libsqlite3.tbd */; };
		B6F0058B1BCF753700D3EA46 /* SideBaseController.swift in Sources */ = {isa = PBXBuildFile; fileRef = B6F005891BCF753700D3EA46 /* SideBaseController.swift */; };
		B6F0058C1BCF753700D3EA46 /* SidePanelSystem.swift in Sources */ = {isa = PBXBuildFile; fileRef = B6F0058A1BCF753700D3EA46 /* SidePanelSystem.swift */; };
		B6F005911BCF769400D3EA46 /* SideTableController.swift in Sources */ = {isa = PBXBuildFile; fileRef = B6F005901BCF769400D3EA46 /* SideTableController.swift */; };
		B6F005931BCF7E1300D3EA46 /* CustomersTableController.swift in Sources */ = {isa = PBXBuildFile; fileRef = B6F005921BCF7E1300D3EA46 /* CustomersTableController.swift */; };
		B6F1445B1BD191E4003B0B43 /* SCLAlertView.swift in Sources */ = {isa = PBXBuildFile; fileRef = B6F1445A1BD191E4003B0B43 /* SCLAlertView.swift */; };
		B6FD37ED1BD5360100F308D7 /* CustomersModel.swift in Sources */ = {isa = PBXBuildFile; fileRef = B6FD37EC1BD5360100F308D7 /* CustomersModel.swift */; };
/* End PBXBuildFile section */

/* Begin PBXContainerItemProxy section */
		B6F005521BCF73A600D3EA46 /* PBXContainerItemProxy */ = {
			isa = PBXContainerItemProxy;
			containerPortal = B6F005351BCF73A600D3EA46 /* Project object */;
			proxyType = 1;
			remoteGlobalIDString = B6F0053C1BCF73A600D3EA46;
			remoteInfo = "To Painter";
		};
		B6F0055D1BCF73A600D3EA46 /* PBXContainerItemProxy */ = {
			isa = PBXContainerItemProxy;
			containerPortal = B6F005351BCF73A600D3EA46 /* Project object */;
			proxyType = 1;
			remoteGlobalIDString = B6F0053C1BCF73A600D3EA46;
			remoteInfo = "To Painter";
		};
/* End PBXContainerItemProxy section */

/* Begin PBXFileReference section */
		B604E70A1BEBB2F900CF1A22 /* TOActionSheet.h */ = {isa = PBXFileReference; fileEncoding = 4; lastKnownFileType = sourcecode.c.h; path = TOActionSheet.h; sourceTree = "<group>"; };
		B604E70B1BEBB2F900CF1A22 /* TOActionSheet.m */ = {isa = PBXFileReference; fileEncoding = 4; lastKnownFileType = sourcecode.c.objc; path = TOActionSheet.m; sourceTree = "<group>"; };
		B60DD4BC1BEBCB6400D8EAA2 /* MessageManager.swift */ = {isa = PBXFileReference; fileEncoding = 4; lastKnownFileType = sourcecode.swift; path = MessageManager.swift; sourceTree = "<group>"; };
		B61313E71BD7E7FE00A6D6B1 /* AddCustomerController.swift */ = {isa = PBXFileReference; fileEncoding = 4; lastKnownFileType = sourcecode.swift; path = AddCustomerController.swift; sourceTree = "<group>"; };
		B636B4391BF4964D00B6CE8F /* Podfile */ = {isa = PBXFileReference; fileEncoding = 4; lastKnownFileType = text; path = Podfile; sourceTree = "<group>"; };
		B63A3B9C1BD36DDE00E07225 /* ResetPasswordController.swift */ = {isa = PBXFileReference; fileEncoding = 4; lastKnownFileType = sourcecode.swift; path = ResetPasswordController.swift; sourceTree = "<group>"; };
		B67710221BE7B7BB00FD4CA4 /* AddEstimateController.swift */ = {isa = PBXFileReference; fileEncoding = 4; lastKnownFileType = sourcecode.swift; path = AddEstimateController.swift; sourceTree = "<group>"; };
		B67710241BE7C22700FD4CA4 /* MapManager.swift */ = {isa = PBXFileReference; fileEncoding = 4; lastKnownFileType = sourcecode.swift; path = MapManager.swift; sourceTree = "<group>"; };
		B67710261BE7C27300FD4CA4 /* MapController.swift */ = {isa = PBXFileReference; fileEncoding = 4; lastKnownFileType = sourcecode.swift; path = MapController.swift; sourceTree = "<group>"; };
		B67D21B21BF0A33700D37164 /* CameraManager.swift */ = {isa = PBXFileReference; fileEncoding = 4; lastKnownFileType = sourcecode.swift; path = CameraManager.swift; sourceTree = "<group>"; };
		B689A78E1BEA604B009DDBA4 /* To Painter-Bridging-Header.h */ = {isa = PBXFileReference; lastKnownFileType = sourcecode.c.h; path = "To Painter-Bridging-Header.h"; sourceTree = "<group>"; };
		B689C51C1BE20DCF0089DE0A /* EstimatesModel.swift */ = {isa = PBXFileReference; fileEncoding = 4; lastKnownFileType = sourcecode.swift; path = EstimatesModel.swift; sourceTree = "<group>"; };
		B6D580531BD0E15600CD61BA /* RegisterController.swift */ = {isa = PBXFileReference; fileEncoding = 4; lastKnownFileType = sourcecode.swift; path = RegisterController.swift; sourceTree = "<group>"; };
		B6DB804D1BD54393001A6A4D /* CloudSync.swift */ = {isa = PBXFileReference; fileEncoding = 4; lastKnownFileType = sourcecode.swift; path = CloudSync.swift; sourceTree = "<group>"; };
		B6DB804F1BD543A7001A6A4D /* Reachability.swift */ = {isa = PBXFileReference; fileEncoding = 4; lastKnownFileType = sourcecode.swift; path = Reachability.swift; sourceTree = "<group>"; };
		B6DB80511BD543C8001A6A4D /* Functions.swift */ = {isa = PBXFileReference; fileEncoding = 4; lastKnownFileType = sourcecode.swift; path = Functions.swift; sourceTree = "<group>"; };
		B6DB80521BD543C8001A6A4D /* HudView.swift */ = {isa = PBXFileReference; fileEncoding = 4; lastKnownFileType = sourcecode.swift; path = HudView.swift; sourceTree = "<group>"; };
		B6DB80541BD543C8001A6A4D /* Pin.swift */ = {isa = PBXFileReference; fileEncoding = 4; lastKnownFileType = sourcecode.swift; path = Pin.swift; sourceTree = "<group>"; };
		B6DC0BAB1BDA8E6300F2C3C1 /* EstimatesViewController.swift */ = {isa = PBXFileReference; fileEncoding = 4; lastKnownFileType = sourcecode.swift; path = EstimatesViewController.swift; sourceTree = "<group>"; };
		B6E73A971BD0C884000EC7FE /* LoginController.swift */ = {isa = PBXFileReference; fileEncoding = 4; lastKnownFileType = sourcecode.swift; path = LoginController.swift; sourceTree = "<group>"; };
		B6F0053D1BCF73A600D3EA46 /* To Painter.app */ = {isa = PBXFileReference; explicitFileType = wrapper.application; includeInIndex = 0; path = "To Painter.app"; sourceTree = BUILT_PRODUCTS_DIR; };
		B6F005401BCF73A600D3EA46 /* AppDelegate.swift */ = {isa = PBXFileReference; lastKnownFileType = sourcecode.swift; path = AppDelegate.swift; sourceTree = "<group>"; };
		B6F005451BCF73A600D3EA46 /* Base */ = {isa = PBXFileReference; lastKnownFileType = file.storyboard; name = Base; path = Base.lproj/Main.storyboard; sourceTree = "<group>"; };
		B6F005471BCF73A600D3EA46 /* Assets.xcassets */ = {isa = PBXFileReference; lastKnownFileType = folder.assetcatalog; path = Assets.xcassets; sourceTree = "<group>"; };
		B6F0054A1BCF73A600D3EA46 /* Base */ = {isa = PBXFileReference; lastKnownFileType = file.storyboard; name = Base; path = Base.lproj/LaunchScreen.storyboard; sourceTree = "<group>"; };
		B6F0054C1BCF73A600D3EA46 /* Info.plist */ = {isa = PBXFileReference; lastKnownFileType = text.plist.xml; path = Info.plist; sourceTree = "<group>"; };
		B6F005511BCF73A600D3EA46 /* To PainterTests.xctest */ = {isa = PBXFileReference; explicitFileType = wrapper.cfbundle; includeInIndex = 0; path = "To PainterTests.xctest"; sourceTree = BUILT_PRODUCTS_DIR; };
		B6F005551BCF73A600D3EA46 /* To_PainterTests.swift */ = {isa = PBXFileReference; lastKnownFileType = sourcecode.swift; path = To_PainterTests.swift; sourceTree = "<group>"; };
		B6F005571BCF73A600D3EA46 /* Info.plist */ = {isa = PBXFileReference; lastKnownFileType = text.plist.xml; path = Info.plist; sourceTree = "<group>"; };
		B6F0055C1BCF73A600D3EA46 /* To PainterUITests.xctest */ = {isa = PBXFileReference; explicitFileType = wrapper.cfbundle; includeInIndex = 0; path = "To PainterUITests.xctest"; sourceTree = BUILT_PRODUCTS_DIR; };
		B6F005601BCF73A600D3EA46 /* To_PainterUITests.swift */ = {isa = PBXFileReference; lastKnownFileType = sourcecode.swift; path = To_PainterUITests.swift; sourceTree = "<group>"; };
		B6F005621BCF73A600D3EA46 /* Info.plist */ = {isa = PBXFileReference; lastKnownFileType = text.plist.xml; path = Info.plist; sourceTree = "<group>"; };
		B6F0056E1BCF73DA00D3EA46 /* Parse.framework */ = {isa = PBXFileReference; lastKnownFileType = wrapper.framework; path = Parse.framework; sourceTree = "<group>"; };
		B6F005701BCF73E500D3EA46 /* ParseUI.framework */ = {isa = PBXFileReference; lastKnownFileType = wrapper.framework; path = ParseUI.framework; sourceTree = "<group>"; };
		B6F005721BCF73F300D3EA46 /* Bolts.framework */ = {isa = PBXFileReference; lastKnownFileType = wrapper.framework; path = Bolts.framework; sourceTree = "<group>"; };
		B6F005751BCF741900D3EA46 /* AudioToolbox.framework */ = {isa = PBXFileReference; lastKnownFileType = wrapper.framework; name = AudioToolbox.framework; path = System/Library/Frameworks/AudioToolbox.framework; sourceTree = SDKROOT; };
		B6F005771BCF741F00D3EA46 /* CFNetwork.framework */ = {isa = PBXFileReference; lastKnownFileType = wrapper.framework; name = CFNetwork.framework; path = System/Library/Frameworks/CFNetwork.framework; sourceTree = SDKROOT; };
		B6F005791BCF742500D3EA46 /* CoreGraphics.framework */ = {isa = PBXFileReference; lastKnownFileType = wrapper.framework; name = CoreGraphics.framework; path = System/Library/Frameworks/CoreGraphics.framework; sourceTree = SDKROOT; };
		B6F0057B1BCF742B00D3EA46 /* CoreLocation.framework */ = {isa = PBXFileReference; lastKnownFileType = wrapper.framework; name = CoreLocation.framework; path = System/Library/Frameworks/CoreLocation.framework; sourceTree = SDKROOT; };
		B6F0057D1BCF743200D3EA46 /* QuartzCore.framework */ = {isa = PBXFileReference; lastKnownFileType = wrapper.framework; name = QuartzCore.framework; path = System/Library/Frameworks/QuartzCore.framework; sourceTree = SDKROOT; };
		B6F0057F1BCF743800D3EA46 /* Security.framework */ = {isa = PBXFileReference; lastKnownFileType = wrapper.framework; name = Security.framework; path = System/Library/Frameworks/Security.framework; sourceTree = SDKROOT; };
		B6F005811BCF743F00D3EA46 /* StoreKit.framework */ = {isa = PBXFileReference; lastKnownFileType = wrapper.framework; name = StoreKit.framework; path = System/Library/Frameworks/StoreKit.framework; sourceTree = SDKROOT; };
		B6F005831BCF744800D3EA46 /* SystemConfiguration.framework */ = {isa = PBXFileReference; lastKnownFileType = wrapper.framework; name = SystemConfiguration.framework; path = System/Library/Frameworks/SystemConfiguration.framework; sourceTree = SDKROOT; };
		B6F005851BCF747E00D3EA46 /* libz.tbd */ = {isa = PBXFileReference; lastKnownFileType = "sourcecode.text-based-dylib-definition"; name = libz.tbd; path = usr/lib/libz.tbd; sourceTree = SDKROOT; };
		B6F005871BCF748900D3EA46 /* libsqlite3.tbd */ = {isa = PBXFileReference; lastKnownFileType = "sourcecode.text-based-dylib-definition"; name = libsqlite3.tbd; path = usr/lib/libsqlite3.tbd; sourceTree = SDKROOT; };
		B6F005891BCF753700D3EA46 /* SideBaseController.swift */ = {isa = PBXFileReference; fileEncoding = 4; lastKnownFileType = sourcecode.swift; path = SideBaseController.swift; sourceTree = "<group>"; };
		B6F0058A1BCF753700D3EA46 /* SidePanelSystem.swift */ = {isa = PBXFileReference; fileEncoding = 4; lastKnownFileType = sourcecode.swift; path = SidePanelSystem.swift; sourceTree = "<group>"; };
		B6F005901BCF769400D3EA46 /* SideTableController.swift */ = {isa = PBXFileReference; fileEncoding = 4; lastKnownFileType = sourcecode.swift; path = SideTableController.swift; sourceTree = "<group>"; };
		B6F005921BCF7E1300D3EA46 /* CustomersTableController.swift */ = {isa = PBXFileReference; fileEncoding = 4; lastKnownFileType = sourcecode.swift; path = CustomersTableController.swift; sourceTree = "<group>"; };
		B6F1445A1BD191E4003B0B43 /* SCLAlertView.swift */ = {isa = PBXFileReference; fileEncoding = 4; lastKnownFileType = sourcecode.swift; path = SCLAlertView.swift; sourceTree = "<group>"; };
		B6FD37EC1BD5360100F308D7 /* CustomersModel.swift */ = {isa = PBXFileReference; fileEncoding = 4; lastKnownFileType = sourcecode.swift; path = CustomersModel.swift; sourceTree = "<group>"; };
/* End PBXFileReference section */

/* Begin PBXFrameworksBuildPhase section */
		B6F0053A1BCF73A600D3EA46 /* Frameworks */ = {
			isa = PBXFrameworksBuildPhase;
			buildActionMask = 2147483647;
			files = (
				B6F005881BCF748900D3EA46 /* libsqlite3.tbd in Frameworks */,
				B6F005861BCF747E00D3EA46 /* libz.tbd in Frameworks */,
				B6F005841BCF744800D3EA46 /* SystemConfiguration.framework in Frameworks */,
				B6F005821BCF743F00D3EA46 /* StoreKit.framework in Frameworks */,
				B6F005801BCF743800D3EA46 /* Security.framework in Frameworks */,
				B6F0057E1BCF743200D3EA46 /* QuartzCore.framework in Frameworks */,
				B6F0057C1BCF742B00D3EA46 /* CoreLocation.framework in Frameworks */,
				B6F0057A1BCF742500D3EA46 /* CoreGraphics.framework in Frameworks */,
				B6F005781BCF741F00D3EA46 /* CFNetwork.framework in Frameworks */,
				B6F005761BCF741900D3EA46 /* AudioToolbox.framework in Frameworks */,
				B6F005731BCF73F300D3EA46 /* Bolts.framework in Frameworks */,
				B6F005711BCF73E500D3EA46 /* ParseUI.framework in Frameworks */,
				B6F0056F1BCF73DA00D3EA46 /* Parse.framework in Frameworks */,
			);
			runOnlyForDeploymentPostprocessing = 0;
		};
		B6F0054E1BCF73A600D3EA46 /* Frameworks */ = {
			isa = PBXFrameworksBuildPhase;
			buildActionMask = 2147483647;
			files = (
			);
			runOnlyForDeploymentPostprocessing = 0;
		};
		B6F005591BCF73A600D3EA46 /* Frameworks */ = {
			isa = PBXFrameworksBuildPhase;
			buildActionMask = 2147483647;
			files = (
			);
			runOnlyForDeploymentPostprocessing = 0;
		};
/* End PBXFrameworksBuildPhase section */

/* Begin PBXGroup section */
		B689A7941BEA60C6009DDBA4 /* TOActionSheet */ = {
			isa = PBXGroup;
			children = (
				B604E70A1BEBB2F900CF1A22 /* TOActionSheet.h */,
				B604E70B1BEBB2F900CF1A22 /* TOActionSheet.m */,
			);
			name = TOActionSheet;
			sourceTree = "<group>";
		};
		B6CCAE0A1BD922DD00764B56 /* cloudServices */ = {
			isa = PBXGroup;
			children = (
				B6DB804D1BD54393001A6A4D /* CloudSync.swift */,
				B6DB804F1BD543A7001A6A4D /* Reachability.swift */,
			);
			name = cloudServices;
			sourceTree = "<group>";
		};
		B6DC0BAD1BDA8E6E00F2C3C1 /* Quotations */ = {
			isa = PBXGroup;
			children = (
				B6DC0BAB1BDA8E6300F2C3C1 /* EstimatesViewController.swift */,
				B67710221BE7B7BB00FD4CA4 /* AddEstimateController.swift */,
			);
			name = Quotations;
			sourceTree = "<group>";
		};
		B6E73A991BD0C889000EC7FE /* Login/Register */ = {
			isa = PBXGroup;
			children = (
				B6E73A971BD0C884000EC7FE /* LoginController.swift */,
				B6D580531BD0E15600CD61BA /* RegisterController.swift */,
				B63A3B9C1BD36DDE00E07225 /* ResetPasswordController.swift */,
			);
			name = Login/Register;
			sourceTree = "<group>";
		};
		B6F005341BCF73A600D3EA46 = {
			isa = PBXGroup;
			children = (
				B6F005741BCF73FA00D3EA46 /* Frameworks */,
				B6F0053F1BCF73A600D3EA46 /* To Painter */,
				B6F005541BCF73A600D3EA46 /* To PainterTests */,
				B6F0055F1BCF73A600D3EA46 /* To PainterUITests */,
				B6F0053E1BCF73A600D3EA46 /* Products */,
			);
			sourceTree = "<group>";
		};
		B6F0053E1BCF73A600D3EA46 /* Products */ = {
			isa = PBXGroup;
			children = (
				B6F0053D1BCF73A600D3EA46 /* To Painter.app */,
				B6F005511BCF73A600D3EA46 /* To PainterTests.xctest */,
				B6F0055C1BCF73A600D3EA46 /* To PainterUITests.xctest */,
			);
			name = Products;
			sourceTree = "<group>";
		};
		B6F0053F1BCF73A600D3EA46 /* To Painter */ = {
			isa = PBXGroup;
			children = (
				B6F005401BCF73A600D3EA46 /* AppDelegate.swift */,
				B6F005441BCF73A600D3EA46 /* Main.storyboard */,
				B6E73A991BD0C889000EC7FE /* Login/Register */,
				B6F005961BCF7FB600D3EA46 /* Customer */,
				B6DC0BAD1BDA8E6E00F2C3C1 /* Quotations */,
				B6FD37EE1BD5360E00F308D7 /* DB Manager */,
				B6F1445C1BD191E9003B0B43 /* Librerie */,
				B636B4391BF4964D00B6CE8F /* Podfile */,
				B6F0058D1BCF753B00D3EA46 /* SidePanel */,
				B6F005471BCF73A600D3EA46 /* Assets.xcassets */,
				B6F005491BCF73A600D3EA46 /* LaunchScreen.storyboard */,
				B6F0054C1BCF73A600D3EA46 /* Info.plist */,
			);
			path = "To Painter";
			sourceTree = "<group>";
		};
		B6F005541BCF73A600D3EA46 /* To PainterTests */ = {
			isa = PBXGroup;
			children = (
				B6F005551BCF73A600D3EA46 /* To_PainterTests.swift */,
				B6F005571BCF73A600D3EA46 /* Info.plist */,
			);
			path = "To PainterTests";
			sourceTree = "<group>";
		};
		B6F0055F1BCF73A600D3EA46 /* To PainterUITests */ = {
			isa = PBXGroup;
			children = (
				B6F005601BCF73A600D3EA46 /* To_PainterUITests.swift */,
				B6F005621BCF73A600D3EA46 /* Info.plist */,
			);
			path = "To PainterUITests";
			sourceTree = "<group>";
		};
		B6F005741BCF73FA00D3EA46 /* Frameworks */ = {
			isa = PBXGroup;
			children = (
				B6F005871BCF748900D3EA46 /* libsqlite3.tbd */,
				B6F005851BCF747E00D3EA46 /* libz.tbd */,
				B6F005831BCF744800D3EA46 /* SystemConfiguration.framework */,
				B6F005811BCF743F00D3EA46 /* StoreKit.framework */,
				B6F0057F1BCF743800D3EA46 /* Security.framework */,
				B6F0057D1BCF743200D3EA46 /* QuartzCore.framework */,
				B6F0057B1BCF742B00D3EA46 /* CoreLocation.framework */,
				B6F005791BCF742500D3EA46 /* CoreGraphics.framework */,
				B6F005771BCF741F00D3EA46 /* CFNetwork.framework */,
				B6F005751BCF741900D3EA46 /* AudioToolbox.framework */,
				B6F005721BCF73F300D3EA46 /* Bolts.framework */,
				B6F005701BCF73E500D3EA46 /* ParseUI.framework */,
				B6F0056E1BCF73DA00D3EA46 /* Parse.framework */,
			);
			name = Frameworks;
			sourceTree = "<group>";
		};
		B6F0058D1BCF753B00D3EA46 /* SidePanel */ = {
			isa = PBXGroup;
			children = (
				B6F005891BCF753700D3EA46 /* SideBaseController.swift */,
				B6F0058A1BCF753700D3EA46 /* SidePanelSystem.swift */,
				B6F005901BCF769400D3EA46 /* SideTableController.swift */,
			);
			name = SidePanel;
			sourceTree = "<group>";
		};
		B6F005961BCF7FB600D3EA46 /* Customer */ = {
			isa = PBXGroup;
			children = (
				B6F005921BCF7E1300D3EA46 /* CustomersTableController.swift */,
				B61313E71BD7E7FE00A6D6B1 /* AddCustomerController.swift */,
				B67710261BE7C27300FD4CA4 /* MapController.swift */,
			);
			name = Customer;
			sourceTree = "<group>";
		};
		B6F1445C1BD191E9003B0B43 /* Librerie */ = {
			isa = PBXGroup;
			children = (
				B689A7941BEA60C6009DDBA4 /* TOActionSheet */,
				B67D21B21BF0A33700D37164 /* CameraManager.swift */,
				B60DD4BC1BEBCB6400D8EAA2 /* MessageManager.swift */,
				B67710241BE7C22700FD4CA4 /* MapManager.swift */,
				B6CCAE0A1BD922DD00764B56 /* cloudServices */,
				B6DB80511BD543C8001A6A4D /* Functions.swift */,
				B6DB80521BD543C8001A6A4D /* HudView.swift */,
				B6DB80541BD543C8001A6A4D /* Pin.swift */,
				B6F1445A1BD191E4003B0B43 /* SCLAlertView.swift */,
				B689A78E1BEA604B009DDBA4 /* To Painter-Bridging-Header.h */,
			);
			name = Librerie;
			sourceTree = "<group>";
		};
		B6FD37EE1BD5360E00F308D7 /* DB Manager */ = {
			isa = PBXGroup;
			children = (
				B6FD37EC1BD5360100F308D7 /* CustomersModel.swift */,
				B689C51C1BE20DCF0089DE0A /* EstimatesModel.swift */,
			);
			name = "DB Manager";
			sourceTree = "<group>";
		};
/* End PBXGroup section */

/* Begin PBXNativeTarget section */
		B6F0053C1BCF73A600D3EA46 /* To Painter */ = {
			isa = PBXNativeTarget;
			buildConfigurationList = B6F005651BCF73A600D3EA46 /* Build configuration list for PBXNativeTarget "To Painter" */;
			buildPhases = (
				B6F005391BCF73A600D3EA46 /* Sources */,
				B6F0053A1BCF73A600D3EA46 /* Frameworks */,
				B6F0053B1BCF73A600D3EA46 /* Resources */,
			);
			buildRules = (
			);
			dependencies = (
			);
			name = "To Painter";
			productName = "To Painter";
			productReference = B6F0053D1BCF73A600D3EA46 /* To Painter.app */;
			productType = "com.apple.product-type.application";
		};
		B6F005501BCF73A600D3EA46 /* To PainterTests */ = {
			isa = PBXNativeTarget;
			buildConfigurationList = B6F005681BCF73A600D3EA46 /* Build configuration list for PBXNativeTarget "To PainterTests" */;
			buildPhases = (
				B6F0054D1BCF73A600D3EA46 /* Sources */,
				B6F0054E1BCF73A600D3EA46 /* Frameworks */,
				B6F0054F1BCF73A600D3EA46 /* Resources */,
			);
			buildRules = (
			);
			dependencies = (
				B6F005531BCF73A600D3EA46 /* PBXTargetDependency */,
			);
			name = "To PainterTests";
			productName = "To PainterTests";
			productReference = B6F005511BCF73A600D3EA46 /* To PainterTests.xctest */;
			productType = "com.apple.product-type.bundle.unit-test";
		};
		B6F0055B1BCF73A600D3EA46 /* To PainterUITests */ = {
			isa = PBXNativeTarget;
			buildConfigurationList = B6F0056B1BCF73A600D3EA46 /* Build configuration list for PBXNativeTarget "To PainterUITests" */;
			buildPhases = (
				B6F005581BCF73A600D3EA46 /* Sources */,
				B6F005591BCF73A600D3EA46 /* Frameworks */,
				B6F0055A1BCF73A600D3EA46 /* Resources */,
			);
			buildRules = (
			);
			dependencies = (
				B6F0055E1BCF73A600D3EA46 /* PBXTargetDependency */,
			);
			name = "To PainterUITests";
			productName = "To PainterUITests";
			productReference = B6F0055C1BCF73A600D3EA46 /* To PainterUITests.xctest */;
			productType = "com.apple.product-type.bundle.ui-testing";
		};
/* End PBXNativeTarget section */

/* Begin PBXProject section */
		B6F005351BCF73A600D3EA46 /* Project object */ = {
			isa = PBXProject;
			attributes = {
				LastSwiftUpdateCheck = 0710;
				LastUpgradeCheck = 0700;
				ORGANIZATIONNAME = "Marco Boldetti";
				TargetAttributes = {
					B6F0053C1BCF73A600D3EA46 = {
						CreatedOnToolsVersion = 7.0.1;
						DevelopmentTeam = AAUDS9EZQ6;
					};
					B6F005501BCF73A600D3EA46 = {
						CreatedOnToolsVersion = 7.0.1;
						DevelopmentTeam = AAUDS9EZQ6;
						TestTargetID = B6F0053C1BCF73A600D3EA46;
					};
					B6F0055B1BCF73A600D3EA46 = {
						CreatedOnToolsVersion = 7.0.1;
						DevelopmentTeam = AAUDS9EZQ6;
						TestTargetID = B6F0053C1BCF73A600D3EA46;
					};
				};
			};
			buildConfigurationList = B6F005381BCF73A600D3EA46 /* Build configuration list for PBXProject "To Painter" */;
			compatibilityVersion = "Xcode 3.2";
			developmentRegion = English;
			hasScannedForEncodings = 0;
			knownRegions = (
				en,
				Base,
			);
			mainGroup = B6F005341BCF73A600D3EA46;
			productRefGroup = B6F0053E1BCF73A600D3EA46 /* Products */;
			projectDirPath = "";
			projectRoot = "";
			targets = (
				B6F0053C1BCF73A600D3EA46 /* To Painter */,
				B6F005501BCF73A600D3EA46 /* To PainterTests */,
				B6F0055B1BCF73A600D3EA46 /* To PainterUITests */,
			);
		};
/* End PBXProject section */

/* Begin PBXResourcesBuildPhase section */
		B6F0053B1BCF73A600D3EA46 /* Resources */ = {
			isa = PBXResourcesBuildPhase;
			buildActionMask = 2147483647;
			files = (
				B6F0054B1BCF73A600D3EA46 /* LaunchScreen.storyboard in Resources */,
				B6F005481BCF73A600D3EA46 /* Assets.xcassets in Resources */,
				B636B43A1BF4964D00B6CE8F /* Podfile in Resources */,
				B6F005461BCF73A600D3EA46 /* Main.storyboard in Resources */,
			);
			runOnlyForDeploymentPostprocessing = 0;
		};
		B6F0054F1BCF73A600D3EA46 /* Resources */ = {
			isa = PBXResourcesBuildPhase;
			buildActionMask = 2147483647;
			files = (
			);
			runOnlyForDeploymentPostprocessing = 0;
		};
		B6F0055A1BCF73A600D3EA46 /* Resources */ = {
			isa = PBXResourcesBuildPhase;
			buildActionMask = 2147483647;
			files = (
			);
			runOnlyForDeploymentPostprocessing = 0;
		};
/* End PBXResourcesBuildPhase section */

/* Begin PBXSourcesBuildPhase section */
		B6F005391BCF73A600D3EA46 /* Sources */ = {
			isa = PBXSourcesBuildPhase;
			buildActionMask = 2147483647;
			files = (
				B6F005931BCF7E1300D3EA46 /* CustomersTableController.swift in Sources */,
				B6DB80581BD543C8001A6A4D /* Pin.swift in Sources */,
				B6F005411BCF73A600D3EA46 /* AppDelegate.swift in Sources */,
				B6DB804E1BD54393001A6A4D /* CloudSync.swift in Sources */,
				B67D21B31BF0A33700D37164 /* CameraManager.swift in Sources */,
				B67710251BE7C22700FD4CA4 /* MapManager.swift in Sources */,
				B604E70C1BEBB2F900CF1A22 /* TOActionSheet.m in Sources */,
				B689C51D1BE20DCF0089DE0A /* EstimatesModel.swift in Sources */,
				B6DB80551BD543C8001A6A4D /* Functions.swift in Sources */,
				B6F0058C1BCF753700D3EA46 /* SidePanelSystem.swift in Sources */,
				B6F005911BCF769400D3EA46 /* SideTableController.swift in Sources */,
				B6F1445B1BD191E4003B0B43 /* SCLAlertView.swift in Sources */,
				B6E73A981BD0C884000EC7FE /* LoginController.swift in Sources */,
				B6FD37ED1BD5360100F308D7 /* CustomersModel.swift in Sources */,
				B61313E81BD7E7FE00A6D6B1 /* AddCustomerController.swift in Sources */,
				B67710231BE7B7BB00FD4CA4 /* AddEstimateController.swift in Sources */,
				B60DD4BD1BEBCB6400D8EAA2 /* MessageManager.swift in Sources */,
				B67710271BE7C27300FD4CA4 /* MapController.swift in Sources */,
				B6DC0BAC1BDA8E6300F2C3C1 /* EstimatesViewController.swift in Sources */,
				B6F0058B1BCF753700D3EA46 /* SideBaseController.swift in Sources */,
				B6DB80561BD543C8001A6A4D /* HudView.swift in Sources */,
				B63A3B9D1BD36DDE00E07225 /* ResetPasswordController.swift in Sources */,
				B6D580541BD0E15600CD61BA /* RegisterController.swift in Sources */,
				B6DB80501BD543A7001A6A4D /* Reachability.swift in Sources */,
			);
			runOnlyForDeploymentPostprocessing = 0;
		};
		B6F0054D1BCF73A600D3EA46 /* Sources */ = {
			isa = PBXSourcesBuildPhase;
			buildActionMask = 2147483647;
			files = (
				B6F005561BCF73A600D3EA46 /* To_PainterTests.swift in Sources */,
			);
			runOnlyForDeploymentPostprocessing = 0;
		};
		B6F005581BCF73A600D3EA46 /* Sources */ = {
			isa = PBXSourcesBuildPhase;
			buildActionMask = 2147483647;
			files = (
				B6F005611BCF73A600D3EA46 /* To_PainterUITests.swift in Sources */,
			);
			runOnlyForDeploymentPostprocessing = 0;
		};
/* End PBXSourcesBuildPhase section */

/* Begin PBXTargetDependency section */
		B6F005531BCF73A600D3EA46 /* PBXTargetDependency */ = {
			isa = PBXTargetDependency;
			target = B6F0053C1BCF73A600D3EA46 /* To Painter */;
			targetProxy = B6F005521BCF73A600D3EA46 /* PBXContainerItemProxy */;
		};
		B6F0055E1BCF73A600D3EA46 /* PBXTargetDependency */ = {
			isa = PBXTargetDependency;
			target = B6F0053C1BCF73A600D3EA46 /* To Painter */;
			targetProxy = B6F0055D1BCF73A600D3EA46 /* PBXContainerItemProxy */;
		};
/* End PBXTargetDependency section */

/* Begin PBXVariantGroup section */
		B6F005441BCF73A600D3EA46 /* Main.storyboard */ = {
			isa = PBXVariantGroup;
			children = (
				B6F005451BCF73A600D3EA46 /* Base */,
			);
			name = Main.storyboard;
			sourceTree = "<group>";
		};
		B6F005491BCF73A600D3EA46 /* LaunchScreen.storyboard */ = {
			isa = PBXVariantGroup;
			children = (
				B6F0054A1BCF73A600D3EA46 /* Base */,
			);
			name = LaunchScreen.storyboard;
			sourceTree = "<group>";
		};
/* End PBXVariantGroup section */

/* Begin XCBuildConfiguration section */
		B6F005631BCF73A600D3EA46 /* Debug */ = {
			isa = XCBuildConfiguration;
			buildSettings = {
				ALWAYS_SEARCH_USER_PATHS = NO;
				CLANG_CXX_LANGUAGE_STANDARD = "gnu++0x";
				CLANG_CXX_LIBRARY = "libc++";
				CLANG_ENABLE_MODULES = YES;
				CLANG_ENABLE_OBJC_ARC = YES;
				CLANG_WARN_BOOL_CONVERSION = YES;
				CLANG_WARN_CONSTANT_CONVERSION = YES;
				CLANG_WARN_DIRECT_OBJC_ISA_USAGE = YES_ERROR;
				CLANG_WARN_EMPTY_BODY = YES;
				CLANG_WARN_ENUM_CONVERSION = YES;
				CLANG_WARN_INT_CONVERSION = YES;
				CLANG_WARN_OBJC_ROOT_CLASS = YES_ERROR;
				CLANG_WARN_UNREACHABLE_CODE = YES;
				CLANG_WARN__DUPLICATE_METHOD_MATCH = YES;
				"CODE_SIGN_IDENTITY[sdk=iphoneos*]" = "iPhone Developer";
				COPY_PHASE_STRIP = NO;
				DEBUG_INFORMATION_FORMAT = dwarf;
				ENABLE_STRICT_OBJC_MSGSEND = YES;
				ENABLE_TESTABILITY = YES;
				GCC_C_LANGUAGE_STANDARD = gnu99;
				GCC_DYNAMIC_NO_PIC = NO;
				GCC_NO_COMMON_BLOCKS = YES;
				GCC_OPTIMIZATION_LEVEL = 0;
				GCC_PREPROCESSOR_DEFINITIONS = (
					"DEBUG=1",
					"$(inherited)",
				);
				GCC_WARN_64_TO_32_BIT_CONVERSION = YES;
				GCC_WARN_ABOUT_RETURN_TYPE = YES_ERROR;
				GCC_WARN_UNDECLARED_SELECTOR = YES;
				GCC_WARN_UNINITIALIZED_AUTOS = YES_AGGRESSIVE;
				GCC_WARN_UNUSED_FUNCTION = YES;
				GCC_WARN_UNUSED_VARIABLE = YES;
				IPHONEOS_DEPLOYMENT_TARGET = 9.0;
				MTL_ENABLE_DEBUG_INFO = YES;
				ONLY_ACTIVE_ARCH = YES;
				SDKROOT = iphoneos;
				SWIFT_OPTIMIZATION_LEVEL = "-Onone";
				TARGETED_DEVICE_FAMILY = "1,2";
			};
			name = Debug;
		};
		B6F005641BCF73A600D3EA46 /* Release */ = {
			isa = XCBuildConfiguration;
			buildSettings = {
				ALWAYS_SEARCH_USER_PATHS = NO;
				CLANG_CXX_LANGUAGE_STANDARD = "gnu++0x";
				CLANG_CXX_LIBRARY = "libc++";
				CLANG_ENABLE_MODULES = YES;
				CLANG_ENABLE_OBJC_ARC = YES;
				CLANG_WARN_BOOL_CONVERSION = YES;
				CLANG_WARN_CONSTANT_CONVERSION = YES;
				CLANG_WARN_DIRECT_OBJC_ISA_USAGE = YES_ERROR;
				CLANG_WARN_EMPTY_BODY = YES;
				CLANG_WARN_ENUM_CONVERSION = YES;
				CLANG_WARN_INT_CONVERSION = YES;
				CLANG_WARN_OBJC_ROOT_CLASS = YES_ERROR;
				CLANG_WARN_UNREACHABLE_CODE = YES;
				CLANG_WARN__DUPLICATE_METHOD_MATCH = YES;
				"CODE_SIGN_IDENTITY[sdk=iphoneos*]" = "iPhone Developer";
				COPY_PHASE_STRIP = NO;
				DEBUG_INFORMATION_FORMAT = "dwarf-with-dsym";
				ENABLE_NS_ASSERTIONS = NO;
				ENABLE_STRICT_OBJC_MSGSEND = YES;
				GCC_C_LANGUAGE_STANDARD = gnu99;
				GCC_NO_COMMON_BLOCKS = YES;
				GCC_WARN_64_TO_32_BIT_CONVERSION = YES;
				GCC_WARN_ABOUT_RETURN_TYPE = YES_ERROR;
				GCC_WARN_UNDECLARED_SELECTOR = YES;
				GCC_WARN_UNINITIALIZED_AUTOS = YES_AGGRESSIVE;
				GCC_WARN_UNUSED_FUNCTION = YES;
				GCC_WARN_UNUSED_VARIABLE = YES;
				IPHONEOS_DEPLOYMENT_TARGET = 9.0;
				MTL_ENABLE_DEBUG_INFO = NO;
				SDKROOT = iphoneos;
				TARGETED_DEVICE_FAMILY = "1,2";
				VALIDATE_PRODUCT = YES;
			};
			name = Release;
		};
		B6F005661BCF73A600D3EA46 /* Debug */ = {
			isa = XCBuildConfiguration;
			buildSettings = {
				ASSETCATALOG_COMPILER_APPICON_NAME = AppIcon;
				CLANG_ENABLE_MODULES = YES;
				FRAMEWORK_SEARCH_PATHS = (
					"$(inherited)",
					"$(PROJECT_DIR)",
				);
				INFOPLIST_FILE = "To Painter/Info.plist";
				LD_RUNPATH_SEARCH_PATHS = "$(inherited) @executable_path/Frameworks";
				PRODUCT_BUNDLE_IDENTIFIER = "com.marcoboldetti.To-Painter";
				PRODUCT_NAME = "$(TARGET_NAME)";
				SWIFT_OBJC_BRIDGING_HEADER = "To Painter/To Painter-Bridging-Header.h";
				SWIFT_OPTIMIZATION_LEVEL = "-Onone";
			};
			name = Debug;
		};
		B6F005671BCF73A600D3EA46 /* Release */ = {
			isa = XCBuildConfiguration;
			buildSettings = {
				ASSETCATALOG_COMPILER_APPICON_NAME = AppIcon;
				CLANG_ENABLE_MODULES = YES;
				FRAMEWORK_SEARCH_PATHS = (
					"$(inherited)",
					"$(PROJECT_DIR)",
				);
				INFOPLIST_FILE = "To Painter/Info.plist";
				LD_RUNPATH_SEARCH_PATHS = "$(inherited) @executable_path/Frameworks";
				PRODUCT_BUNDLE_IDENTIFIER = "com.marcoboldetti.To-Painter";
				PRODUCT_NAME = "$(TARGET_NAME)";
				SWIFT_OBJC_BRIDGING_HEADER = "To Painter/To Painter-Bridging-Header.h";
			};
			name = Release;
		};
		B6F005691BCF73A600D3EA46 /* Debug */ = {
			isa = XCBuildConfiguration;
			buildSettings = {
				BUNDLE_LOADER = "$(TEST_HOST)";
				INFOPLIST_FILE = "To PainterTests/Info.plist";
				LD_RUNPATH_SEARCH_PATHS = "$(inherited) @executable_path/Frameworks @loader_path/Frameworks";
				PRODUCT_BUNDLE_IDENTIFIER = "com.marcoboldetti.To-PainterTests";
				PRODUCT_NAME = "$(TARGET_NAME)";
				TEST_HOST = "$(BUILT_PRODUCTS_DIR)/To Painter.app/To Painter";
			};
			name = Debug;
		};
		B6F0056A1BCF73A600D3EA46 /* Release */ = {
			isa = XCBuildConfiguration;
			buildSettings = {
				BUNDLE_LOADER = "$(TEST_HOST)";
				INFOPLIST_FILE = "To PainterTests/Info.plist";
				LD_RUNPATH_SEARCH_PATHS = "$(inherited) @executable_path/Frameworks @loader_path/Frameworks";
				PRODUCT_BUNDLE_IDENTIFIER = "com.marcoboldetti.To-PainterTests";
				PRODUCT_NAME = "$(TARGET_NAME)";
				TEST_HOST = "$(BUILT_PRODUCTS_DIR)/To Painter.app/To Painter";
			};
			name = Release;
		};
		B6F0056C1BCF73A600D3EA46 /* Debug */ = {
			isa = XCBuildConfiguration;
			buildSettings = {
				INFOPLIST_FILE = "To PainterUITests/Info.plist";
				LD_RUNPATH_SEARCH_PATHS = "$(inherited) @executable_path/Frameworks @loader_path/Frameworks";
				PRODUCT_BUNDLE_IDENTIFIER = "com.marcoboldetti.To-PainterUITests";
				PRODUCT_NAME = "$(TARGET_NAME)";
				TEST_TARGET_NAME = "To Painter";
				USES_XCTRUNNER = YES;
			};
			name = Debug;
		};
		B6F0056D1BCF73A600D3EA46 /* Release */ = {
			isa = XCBuildConfiguration;
			buildSettings = {
				INFOPLIST_FILE = "To PainterUITests/Info.plist";
				LD_RUNPATH_SEARCH_PATHS = "$(inherited) @executable_path/Frameworks @loader_path/Frameworks";
				PRODUCT_BUNDLE_IDENTIFIER = "com.marcoboldetti.To-PainterUITests";
				PRODUCT_NAME = "$(TARGET_NAME)";
				TEST_TARGET_NAME = "To Painter";
				USES_XCTRUNNER = YES;
			};
			name = Release;
		};
/* End XCBuildConfiguration section */

/* Begin XCConfigurationList section */
		B6F005381BCF73A600D3EA46 /* Build configuration list for PBXProject "To Painter" */ = {
			isa = XCConfigurationList;
			buildConfigurations = (
				B6F005631BCF73A600D3EA46 /* Debug */,
				B6F005641BCF73A600D3EA46 /* Release */,
			);
			defaultConfigurationIsVisible = 0;
			defaultConfigurationName = Release;
		};
		B6F005651BCF73A600D3EA46 /* Build configuration list for PBXNativeTarget "To Painter" */ = {
			isa = XCConfigurationList;
			buildConfigurations = (
				B6F005661BCF73A600D3EA46 /* Debug */,
				B6F005671BCF73A600D3EA46 /* Release */,
			);
			defaultConfigurationIsVisible = 0;
			defaultConfigurationName = Release;
		};
		B6F005681BCF73A600D3EA46 /* Build configuration list for PBXNativeTarget "To PainterTests" */ = {
			isa = XCConfigurationList;
			buildConfigurations = (
				B6F005691BCF73A600D3EA46 /* Debug */,
				B6F0056A1BCF73A600D3EA46 /* Release */,
			);
			defaultConfigurationIsVisible = 0;
			defaultConfigurationName = Release;
		};
		B6F0056B1BCF73A600D3EA46 /* Build configuration list for PBXNativeTarget "To PainterUITests" */ = {
			isa = XCConfigurationList;
			buildConfigurations = (
				B6F0056C1BCF73A600D3EA46 /* Debug */,
				B6F0056D1BCF73A600D3EA46 /* Release */,
			);
			defaultConfigurationIsVisible = 0;
			defaultConfigurationName = Release;
		};
/* End XCConfigurationList section */
	};
	rootObject = B6F005351BCF73A600D3EA46 /* Project object */;
}
